{
  "name": "n3a-affiliate-rewardful",
  "version": "0.1.0",
  "lockfileVersion": 3,
  "requires": true,
  "packages": {
    "": {
      "name": "n3a-affiliate-rewardful",
      "version": "0.1.0",
      "devDependencies": {
        "@dzhechkov/p-replicator": "1.13.2"
      },
      "engines": {
        "node": ">=22"
      }
    },
    "node_modules/@dzhechkov/p-replicator": {
      "version": "1.13.2",
      "resolved": "https://registry.npmjs.org/@dzhechkov/p-replicator/-/p-replicator-1.13.2.tgz",
      "integrity": "sha512-bj6b1TnZgJuG6a0VZrj03BZUfV/bscps+H9OR3pFnAEkclOX5WeRdOi3AMPENBITVdV+la14nvRow9eILdkvUw==",
      "dev": true,
      "license": "MIT",
      "bin": {
        "p-replicator": "bin/cli.js"
      },
      "engines": {
        "node": ">=16.0.0"
      },
      "peerDependencies": {
        "@dzhechkov/keysarium-core": "^1.1.0"
      },
      "peerDependenciesMeta": {
        "@dzhechkov/keysarium-core": {
          "optional": true
        }
      }
    }
  }
}
